// !$*UTF8*$!
{
	archiveVersion = 1;
	classes = {
	};
	objectVersion = 50;
	objects = {

/* Begin PBXBuildFile section */
		BA02D1122436D6C900542C9F /* AppDelegate.swift in Sources */ = {isa = PBXBuildFile; fileRef = BA02D1112436D6C900542C9F /* AppDelegate.swift */; };
		BA02D1162436D6C900542C9F /* ViewController.swift in Sources */ = {isa = PBXBuildFile; fileRef = BA02D1152436D6C900542C9F /* ViewController.swift */; };
		BA02D1192436D6C900542C9F /* Main.storyboard in Resources */ = {isa = PBXBuildFile; fileRef = BA02D1172436D6C900542C9F /* Main.storyboard */; };
		BA02D11B2436D6CC00542C9F /* Assets.xcassets in Resources */ = {isa = PBXBuildFile; fileRef = BA02D11A2436D6CC00542C9F /* Assets.xcassets */; };
		BA02D11E2436D6CC00542C9F /* LaunchScreen.storyboard in Resources */ = {isa = PBXBuildFile; fileRef = BA02D11C2436D6CC00542C9F /* LaunchScreen.storyboard */; };
		BA02D1262436DA6F00542C9F /* CityTableViewController.swift in Sources */ = {isa = PBXBuildFile; fileRef = BA02D1252436DA6F00542C9F /* CityTableViewController.swift */; };
		BA02D1282436DD5500542C9F /* CityTableViewCell.swift in Sources */ = {isa = PBXBuildFile; fileRef = BA02D1272436DD5500542C9F /* CityTableViewCell.swift */; };
		BA02D12A2436DEA800542C9F /* SwiftyJSON.swift in Sources */ = {isa = PBXBuildFile; fileRef = BA02D1292436DEA800542C9F /* SwiftyJSON.swift */; };
		BA02D12C2436DEC600542C9F /* WeatherURLManager.swift in Sources */ = {isa = PBXBuildFile; fileRef = BA02D12B2436DEC600542C9F /* WeatherURLManager.swift */; };
		BA02D12E2436ECD600542C9F /* SceneDelegate.swift in Sources */ = {isa = PBXBuildFile; fileRef = BA02D12D2436ECD600542C9F /* SceneDelegate.swift */; };
		BA02D149243832EC00542C9F /* corona.jpg in Resources */ = {isa = PBXBuildFile; fileRef = BA02D148243832EC00542C9F /* corona.jpg */; };
/* End PBXBuildFile section */

/* Begin PBXFileReference section */
		BA02D10E2436D6C900542C9F /* COVID.app */ = {isa = PBXFileReference; explicitFileType = wrapper.application; includeInIndex = 0; path = COVID.app; sourceTree = BUILT_PRODUCTS_DIR; };
		BA02D1112436D6C900542C9F /* AppDelegate.swift */ = {isa = PBXFileReference; lastKnownFileType = sourcecode.swift; path = AppDelegate.swift; sourceTree = "<group>"; };
		BA02D1152436D6C900542C9F /* ViewController.swift */ = {isa = PBXFileReference; lastKnownFileType = sourcecode.swift; path = ViewController.swift; sourceTree = "<group>"; };
		BA02D1182436D6C900542C9F /* Base */ = {isa = PBXFileReference; lastKnownFileType = file.storyboard; name = Base; path = Base.lproj/Main.storyboard; sourceTree = "<group>"; };
		BA02D11A2436D6CC00542C9F /* Assets.xcassets */ = {isa = PBXFileReference; lastKnownFileType = folder.assetcatalog; path = Assets.xcassets; sourceTree = "<group>"; };
		BA02D11D2436D6CC00542C9F /* Base */ = {isa = PBXFileReference; lastKnownFileType = file.storyboard; name = Base; path = Base.lproj/LaunchScreen.storyboard; sourceTree = "<group>"; };
		BA02D11F2436D6CC00542C9F /* Info.plist */ = {isa = PBXFileReference; lastKnownFileType = text.plist.xml; path = Info.plist; sourceTree = "<group>"; };
		BA02D1252436DA6F00542C9F /* CityTableViewController.swift */ = {isa = PBXFileReference; lastKnownFileType = sourcecode.swift; path = CityTableViewController.swift; sourceTree = "<group>"; };
		BA02D1272436DD5500542C9F /* CityTableViewCell.swift */ = {isa = PBXFileReference; lastKnownFileType = sourcecode.swift; path = CityTableViewCell.swift; sourceTree = "<group>"; };
		BA02D1292436DEA800542C9F /* SwiftyJSON.swift */ = {isa = PBXFileReference; lastKnownFileType = sourcecode.swift; path = SwiftyJSON.swift; sourceTree = "<group>"; };
		BA02D12B2436DEC600542C9F /* WeatherURLManager.swift */ = {isa = PBXFileReference; lastKnownFileType = sourcecode.swift; path = WeatherURLManager.swift; sourceTree = "<group>"; };
		BA02D12D2436ECD600542C9F /* SceneDelegate.swift */ = {isa = PBXFileReference; fileEncoding = 4; lastKnownFileType = sourcecode.swift; path = SceneDelegate.swift; sourceTree = "<group>"; };
		BA02D148243832EC00542C9F /* corona.jpg */ = {isa = PBXFileReference; lastKnownFileType = image.jpeg; path = corona.jpg; sourceTree = SOURCE_ROOT; };
/* End PBXFileReference section */

/* Begin PBXFrameworksBuildPhase section */
		BA02D10B2436D6C900542C9F /* Frameworks */ = {
			isa = PBXFrameworksBuildPhase;
			buildActionMask = 2147483647;
			files = (
			);
			runOnlyForDeploymentPostprocessing = 0;
		};
/* End PBXFrameworksBuildPhase section */

/* Begin PBXGroup section */
		BA02D1052436D6C900542C9F = {
			isa = PBXGroup;
			children = (
				BA02D1102436D6C900542C9F /* COVID */,
				BA02D10F2436D6C900542C9F /* Products */,
			);
			sourceTree = "<group>";
		};
		BA02D10F2436D6C900542C9F /* Products */ = {
			isa = PBXGroup;
			children = (
				BA02D10E2436D6C900542C9F /* COVID.app */,
			);
			name = Products;
			sourceTree = "<group>";
		};
		BA02D1102436D6C900542C9F /* COVID */ = {
			isa = PBXGroup;
			children = (
				BA02D1112436D6C900542C9F /* AppDelegate.swift */,
				BA02D12D2436ECD600542C9F /* SceneDelegate.swift */,
				BA02D1152436D6C900542C9F /* ViewController.swift */,
				BA02D1252436DA6F00542C9F /* CityTableViewController.swift */,
				BA02D1272436DD5500542C9F /* CityTableViewCell.swift */,
				BA02D1172436D6C900542C9F /* Main.storyboard */,
				BA02D1292436DEA800542C9F /* SwiftyJSON.swift */,
				BA02D12B2436DEC600542C9F /* WeatherURLManager.swift */,
				BA02D11A2436D6CC00542C9F /* Assets.xcassets */,
				BA02D11C2436D6CC00542C9F /* LaunchScreen.storyboard */,
				BA02D11F2436D6CC00542C9F /* Info.plist */,
				BA02D148243832EC00542C9F /* corona.jpg */,
			);
			path = COVID;
			sourceTree = "<group>";
		};
/* End PBXGroup section */

/* Begin PBXNativeTarget section */
		BA02D10D2436D6C900542C9F /* COVID */ = {
			isa = PBXNativeTarget;
			buildConfigurationList = BA02D1222436D6CC00542C9F /* Build configuration list for PBXNativeTarget "COVID" */;
			buildPhases = (
				BA02D10A2436D6C900542C9F /* Sources */,
				BA02D10B2436D6C900542C9F /* Frameworks */,
				BA02D10C2436D6C900542C9F /* Resources */,
			);
			buildRules = (
			);
			dependencies = (
			);
			name = COVID;
			productName = COVID;
			productReference = BA02D10E2436D6C900542C9F /* COVID.app */;
			productType = "com.apple.product-type.application";
		};
/* End PBXNativeTarget section */

/* Begin PBXProject section */
		BA02D1062436D6C900542C9F /* Project object */ = {
			isa = PBXProject;
			attributes = {
				LastSwiftUpdateCheck = 1110;
				LastUpgradeCheck = 1110;
				ORGANIZATIONNAME = "Himanshu Mehta";
				TargetAttributes = {
					BA02D10D2436D6C900542C9F = {
						CreatedOnToolsVersion = 11.1;
					};
				};
			};
			buildConfigurationList = BA02D1092436D6C900542C9F /* Build configuration list for PBXProject "COVID" */;
			compatibilityVersion = "Xcode 9.3";
			developmentRegion = en;
			hasScannedForEncodings = 0;
			knownRegions = (
				en,
				Base,
			);
			mainGroup = BA02D1052436D6C900542C9F;
			productRefGroup = BA02D10F2436D6C900542C9F /* Products */;
			projectDirPath = "";
			projectRoot = "";
			targets = (
				BA02D10D2436D6C900542C9F /* COVID */,
			);
		};
/* End PBXProject section */

/* Begin PBXResourcesBuildPhase section */
		BA02D10C2436D6C900542C9F /* Resources */ = {
			isa = PBXResourcesBuildPhase;
			buildActionMask = 2147483647;
			files = (
				BA02D11E2436D6CC00542C9F /* LaunchScreen.storyboard in Resources */,
				BA02D11B2436D6CC00542C9F /* Assets.xcassets in Resources */,
				BA02D1192436D6C900542C9F /* Main.storyboard in Resources */,
				BA02D149243832EC00542C9F /* corona.jpg in Resources */,
			);
			runOnlyForDeploymentPostprocessing = 0;
		};
/* End PBXResourcesBuildPhase section */

/* Begin PBXSourcesBuildPhase section */
		BA02D10A2436D6C900542C9F /* Sources */ = {
			isa = PBXSourcesBuildPhase;
			buildActionMask = 2147483647;
			files = (
				BA02D1262436DA6F00542C9F /* CityTableViewController.swift in Sources */,
				BA02D12E2436ECD600542C9F /* SceneDelegate.swift in Sources */,
				BA02D1162436D6C900542C9F /* ViewController.swift in Sources */,
				BA02D1282436DD5500542C9F /* CityTableViewCell.swift in Sources */,
				BA02D12A2436DEA800542C9F /* SwiftyJSON.swift in Sources */,
				BA02D1122436D6C900542C9F /* AppDelegate.swift in Sources */,
				BA02D12C2436DEC600542C9F /* WeatherURLManager.swift in Sources */,
			);
			runOnlyForDeploymentPostprocessing = 0;
		};
/* End PBXSourcesBuildPhase section */

/* Begin PBXVariantGroup section */
		BA02D1172436D6C900542C9F /* Main.storyboard */ = {
			isa = PBXVariantGroup;
			children = (
				BA02D1182436D6C900542C9F /* Base */,
			);
			name = Main.storyboard;
			sourceTree = "<group>";
		};
		BA02D11C2436D6CC00542C9F /* LaunchScreen.storyboard */ = {
			isa = PBXVariantGroup;
			children = (
				BA02D11D2436D6CC00542C9F /* Base */,
			);
			name = LaunchScreen.storyboard;
			sourceTree = "<group>";
		};
/* End PBXVariantGroup section */

/* Begin XCBuildConfiguration section */
		BA02D1202436D6CC00542C9F /* Debug */ = {
			isa = XCBuildConfiguration;
			buildSettings = {
				ALWAYS_SEARCH_USER_PATHS = NO;
				CLANG_ANALYZER_NONNULL = YES;
				CLANG_ANALYZER_NUMBER_OBJECT_CONVERSION = YES_AGGRESSIVE;
				CLANG_CXX_LANGUAGE_STANDARD = "gnu++14";
				CLANG_CXX_LIBRARY = "libc++";
				CLANG_ENABLE_MODULES = YES;
				CLANG_ENABLE_OBJC_ARC = YES;
				CLANG_ENABLE_OBJC_WEAK = YES;
				CLANG_WARN_BLOCK_CAPTURE_AUTORELEASING = YES;
				CLANG_WARN_BOOL_CONVERSION = YES;
				CLANG_WARN_COMMA = YES;
				CLANG_WARN_CONSTANT_CONVERSION = YES;
				CLANG_WARN_DEPRECATED_OBJC_IMPLEMENTATIONS = YES;
				CLANG_WARN_DIRECT_OBJC_ISA_USAGE = YES_ERROR;
				CLANG_WARN_DOCUMENTATION_COMMENTS = YES;
				CLANG_WARN_EMPTY_BODY = YES;
				CLANG_WARN_ENUM_CONVERSION = YES;
				CLANG_WARN_INFINITE_RECURSION = YES;
				CLANG_WARN_INT_CONVERSION = YES;
				CLANG_WARN_NON_LITERAL_NULL_CONVERSION = YES;
				CLANG_WARN_OBJC_IMPLICIT_RETAIN_SELF = YES;
				CLANG_WARN_OBJC_LITERAL_CONVERSION = YES;
				CLANG_WARN_OBJC_ROOT_CLASS = YES_ERROR;
				CLANG_WARN_RANGE_LOOP_ANALYSIS = YES;
				CLANG_WARN_STRICT_PROTOTYPES = YES;
				CLANG_WARN_SUSPICIOUS_MOVE = YES;
				CLANG_WARN_UNGUARDED_AVAILABILITY = YES_AGGRESSIVE;
				CLANG_WARN_UNREACHABLE_CODE = YES;
				CLANG_WARN__DUPLICATE_METHOD_MATCH = YES;
				COPY_PHASE_STRIP = NO;
				DEBUG_INFORMATION_FORMAT = dwarf;
				ENABLE_STRICT_OBJC_MSGSEND = YES;
				ENABLE_TESTABILITY = YES;
				GCC_C_LANGUAGE_STANDARD = gnu11;
				GCC_DYNAMIC_NO_PIC = NO;
				GCC_NO_COMMON_BLOCKS = YES;
				GCC_OPTIMIZATION_LEVEL = 0;
				GCC_PREPROCESSOR_DEFINITIONS = (
					"DEBUG=1",
					"$(inherited)",
				);
				GCC_WARN_64_TO_32_BIT_CONVERSION = YES;
				GCC_WARN_ABOUT_RETURN_TYPE = YES_ERROR;
				GCC_WARN_UNDECLARED_SELECTOR = YES;
				GCC_WARN_UNINITIALIZED_AUTOS = YES_AGGRESSIVE;
				GCC_WARN_UNUSED_FUNCTION = YES;
				GCC_WARN_UNUSED_VARIABLE = YES;
				IPHONEOS_DEPLOYMENT_TARGET = 13.1;
				MTL_ENABLE_DEBUG_INFO = INCLUDE_SOURCE;
				MTL_FAST_MATH = YES;
				ONLY_ACTIVE_ARCH = YES;
				SDKROOT = iphoneos;
				SWIFT_ACTIVE_COMPILATION_CONDITIONS = DEBUG;
				SWIFT_OPTIMIZATION_LEVEL = "-Onone";
			};
			name = Debug;
		};
		BA02D1212436D6CC00542C9F /* Release */ = {
			isa = XCBuildConfiguration;
			buildSettings = {
				ALWAYS_SEARCH_USER_PATHS = NO;
				CLANG_ANALYZER_NONNULL = YES;
				CLANG_ANALYZER_NUMBER_OBJECT_CONVERSION = YES_AGGRESSIVE;
				CLANG_CXX_LANGUAGE_STANDARD = "gnu++14";
				CLANG_CXX_LIBRARY = "libc++";
				CLANG_ENABLE_MODULES = YES;
				CLANG_ENABLE_OBJC_ARC = YES;
				CLANG_ENABLE_OBJC_WEAK = YES;
				CLANG_WARN_BLOCK_CAPTURE_AUTORELEASING = YES;
				CLANG_WARN_BOOL_CONVERSION = YES;
				CLANG_WARN_COMMA = YES;
				CLANG_WARN_CONSTANT_CONVERSION = YES;
				CLANG_WARN_DEPRECATED_OBJC_IMPLEMENTATIONS = YES;
				CLANG_WARN_DIRECT_OBJC_ISA_USAGE = YES_ERROR;
				CLANG_WARN_DOCUMENTATION_COMMENTS = YES;
				CLANG_WARN_EMPTY_BODY = YES;
				CLANG_WARN_ENUM_CONVERSION = YES;
				CLANG_WARN_INFINITE_RECURSION = YES;
				CLANG_WARN_INT_CONVERSION = YES;
				CLANG_WARN_NON_LITERAL_NULL_CONVERSION = YES;
				CLANG_WARN_OBJC_IMPLICIT_RETAIN_SELF = YES;
				CLANG_WARN_OBJC_LITERAL_CONVERSION = YES;
				CLANG_WARN_OBJC_ROOT_CLASS = YES_ERROR;
				CLANG_WARN_RANGE_LOOP_ANALYSIS = YES;
				CLANG_WARN_STRICT_PROTOTYPES = YES;
				CLANG_WARN_SUSPICIOUS_MOVE = YES;
				CLANG_WARN_UNGUARDED_AVAILABILITY = YES_AGGRESSIVE;
				CLANG_WARN_UNREACHABLE_CODE = YES;
				CLANG_WARN__DUPLICATE_METHOD_MATCH = YES;
				COPY_PHASE_STRIP = NO;
				DEBUG_INFORMATION_FORMAT = "dwarf-with-dsym";
				ENABLE_NS_ASSERTIONS = NO;
				ENABLE_STRICT_OBJC_MSGSEND = YES;
				GCC_C_LANGUAGE_STANDARD = gnu11;
				GCC_NO_COMMON_BLOCKS = YES;
				GCC_WARN_64_TO_32_BIT_CONVERSION = YES;
				GCC_WARN_ABOUT_RETURN_TYPE = YES_ERROR;
				GCC_WARN_UNDECLARED_SELECTOR = YES;
				GCC_WARN_UNINITIALIZED_AUTOS = YES_AGGRESSIVE;
				GCC_WARN_UNUSED_FUNCTION = YES;
				GCC_WARN_UNUSED_VARIABLE = YES;
				IPHONEOS_DEPLOYMENT_TARGET = 13.1;
				MTL_ENABLE_DEBUG_INFO = NO;
				MTL_FAST_MATH = YES;
				SDKROOT = iphoneos;
				SWIFT_COMPILATION_MODE = wholemodule;
				SWIFT_OPTIMIZATION_LEVEL = "-O";
				VALIDATE_PRODUCT = YES;
			};
			name = Release;
		};
		BA02D1232436D6CC00542C9F /* Debug */ = {
			isa = XCBuildConfiguration;
			buildSettings = {
				ASSETCATALOG_COMPILER_APPICON_NAME = AppIcon;
				CODE_SIGN_STYLE = Automatic;
				DEVELOPMENT_TEAM = 47KBUSC3QN;
				INFOPLIST_FILE = COVID/Info.plist;
				IPHONEOS_DEPLOYMENT_TARGET = 13.0;
				LD_RUNPATH_SEARCH_PATHS = (
					"$(inherited)",
					"@executable_path/Frameworks",
				);
				PRODUCT_BUNDLE_IDENTIFIER = himu.COVID;
				PRODUCT_NAME = "$(TARGET_NAME)";
				SWIFT_VERSION = 5.0;
				TARGETED_DEVICE_FAMILY = "1,2";
			};
			name = Debug;
		};
		BA02D1242436D6CC00542C9F /* Release */ = {
			isa = XCBuildConfiguration;
			buildSettings = {
				ASSETCATALOG_COMPILER_APPICON_NAME = AppIcon;
				CODE_SIGN_STYLE = Automatic;
				DEVELOPMENT_TEAM = 47KBUSC3QN;
				INFOPLIST_FILE = COVID/Info.plist;
				IPHONEOS_DEPLOYMENT_TARGET = 13.0;
				LD_RUNPATH_SEARCH_PATHS = (
					"$(inherited)",
					"@executable_path/Frameworks",
				);
				PRODUCT_BUNDLE_IDENTIFIER = himu.COVID;
				PRODUCT_NAME = "$(TARGET_NAME)";
				SWIFT_VERSION = 5.0;
				TARGETED_DEVICE_FAMILY = "1,2";
			};
			name = Release;
		};
/* End XCBuildConfiguration section */

/* Begin XCConfigurationList section */
		BA02D1092436D6C900542C9F /* Build configuration list for PBXProject "COVID" */ = {
			isa = XCConfigurationList;
			buildConfigurations = (
				BA02D1202436D6CC00542C9F /* Debug */,
				BA02D1212436D6CC00542C9F /* Release */,
			);
			defaultConfigurationIsVisible = 0;
			defaultConfigurationName = Release;
		};
		BA02D1222436D6CC00542C9F /* Build configuration list for PBXNativeTarget "COVID" */ = {
			isa = XCConfigurationList;
			buildConfigurations = (
				BA02D1232436D6CC00542C9F /* Debug */,
				BA02D1242436D6CC00542C9F /* Release */,
			);
			defaultConfigurationIsVisible = 0;
			defaultConfigurationName = Release;
		};
/* End XCConfigurationList section */
	};
	rootObject = BA02D1062436D6C900542C9F /* Project object */;
}
